{
    "_meta": {
        "hash": {
            "sha256": "529d98ef8c15dfde1ce845e1c9a7df2fb71a17358aecb62c2263a339f83bcbf9"
        },
        "pipfile-spec": 6,
        "requires": {
            "python_version": "3.9"
        },
        "sources": [
            {
                "name": "pypi",
                "url": "https://pypi.org/simple",
                "verify_ssl": true
            }
        ]
    },
    "default": {
        "speedtest-cli": {
            "hashes": [
                "sha256:5e2773233cedb5fa3d8120eb7f97bcc4974b5221b254d33ff16e2f1d413d90f0",
                "sha256:75ff32c91af9ac1ce2b905476d6e92bd9eb2c0783f9e7d1939d74605c7d0b9ea"
            ],
            "index": "pypi",
            "version": "==2.1.3"
        }
    },
    "develop": {
        "certifi": {
            "hashes": [
                "sha256:0569859f95fc761b18b45ef421b1290a0f65f147e92a1e5eb3e635f9a5e4e66f",
                "sha256:dc383c07b76109f368f6106eee2b593b04a011ea4d55f652c6ca24a754d1cdd1"
            ],
            "markers": "python_version >= '3.6'",
            "version": "==2024.2.2"
        },
        "distlib": {
            "hashes": [
                "sha256:034db59a0b96f8ca18035f36290806a9a6e6bd9d1ff91e45a7f172eb17e51784",
                "sha256:1530ea13e350031b6312d8580ddb6b27a104275a31106523b8f123787f494f64"
            ],
            "version": "==0.3.8"
        },
        "filelock": {
            "hashes": [
                "sha256:404e5e9253aa60ad457cae1be07c0f0ca90a63931200a47d9b6a6af84fd7b45f",
                "sha256:d13f466618bfde72bd2c18255e269f72542c6e70e7bac83a0232d6b1cc5c8cf4"
            ],
            "markers": "python_version >= '3.8'",
            "version": "==3.13.4"
        },
        "pipenv": {
            "hashes": [
                "sha256:4aea73e23944e464ad2b849328e780ad121c5336e1c24a7ac15aa493c41c2341",
                "sha256:96c8af7c36691fbc648959f3f631954212398246c8cfcfa529ec09bc5d0bfd01"
            ],
            "index": "pypi",
            "markers": "python_version >= '3.8'",
            "version": "==2023.12.1"
        },
        "platformdirs": {
            "hashes": [
                "sha256:0614df2a2f37e1a662acbd8e2b25b92ccf8632929bc6d43467e17fe89c75e068",
                "sha256:ef0cc731df711022c174543cb70a9b5bd22e5a9337c8624ef2c2ceb8ddad8768"
            ],
            "markers": "python_version >= '3.8'",
            "version": "==4.2.0"
        },
        "setuptools": {
            "hashes": [
                "sha256:6c1fccdac05a97e598fb0ae3bbed5904ccb317337a51139dcd51453611bbb987",
                "sha256:c636ac361bc47580504644275c9ad802c50415c7522212252c033bd15f301f32"
            ],
            "markers": "python_version >= '3.8'",
            "version": "==69.5.1"
        },
        "virtualenv": {
            "hashes": [
                "sha256:7bb554bbdfeaacc3349fa614ea5bff6ac300fc7c335e9facf3a3bcfc703f45be",
                "sha256:8aac4332f2ea6ef519c648d0bc48a5b1d324994753519919bddbb1aff25a104e"
            ],
            "markers": "python_version >= '3.7'",
            "version": "==20.25.3"
        }
    }
}
